
Microsoft Visual Studio Solution File, Format Version 12.00
# Visual Studio 14
VisualStudioVersion = 14.0.25420.1
MinimumVisualStudioVersion = 10.0.40219.1
Project("{FAE04EC0-301F-11D3-BF4B-00C04F79EFBC}") = "stegPOC", "stegPOC\stegPOC.csproj", "{E3FFAB37-CF58-420A-86D5-9B2325ADC468}"
EndProject
Project("{FAE04EC0-301F-11D3-BF4B-00C04F79EFBC}") = "F5Lib", "F5Lib\F5Lib.csproj", "{30813360-2C3C-4894-9C3E-BF092C3B4B7A}"
EndProject
Global
	GlobalSection(SolutionConfigurationPlatforms) = preSolution
		Debug|Any CPU = Debug|Any CPU
		Release|Any CPU = Release|Any CPU
	EndGlobalSection
	GlobalSection(ProjectConfigurationPlatforms) = postSolution
		{E3FFAB37-CF58-420A-86D5-9B2325ADC468}.Debug|Any CPU.ActiveCfg = Debug|Any CPU
		{E3FFAB37-CF58-420A-86D5-9B2325ADC468}.Debug|Any CPU.Build.0 = Debug|Any CPU
		{E3FFAB37-CF58-420A-86D5-9B2325ADC468}.Release|Any CPU.ActiveCfg = Release|Any CPU
		{E3FFAB37-CF58-420A-86D5-9B2325ADC468}.Release|Any CPU.Build.0 = Release|Any CPU
		{30813360-2C3C-4894-9C3E-BF092C3B4B7A}.Debug|Any CPU.ActiveCfg = Debug|Any CPU
		{30813360-2C3C-4894-9C3E-BF092C3B4B7A}.Debug|Any CPU.Build.0 = Debug|Any CPU
		{30813360-2C3C-4894-9C3E-BF092C3B4B7A}.Release|Any CPU.ActiveCfg = Release|Any CPU
		{30813360-2C3C-4894-9C3E-BF092C3B4B7A}.Release|Any CPU.Build.0 = Release|Any CPU
	EndGlobalSection
	GlobalSection(SolutionProperties) = preSolution
		HideSolutionNode = FALSE
	EndGlobalSection
EndGlobal
